
Microsoft Visual Studio Solution File, Format Version 12.00
# Visual Studio Version 16
VisualStudioVersion = 16.0.29728.190
MinimumVisualStudioVersion = 10.0.40219.1
Project("{FAE04EC0-301F-11D3-BF4B-00C04F79EFBC}") = "Watcher", "Watcher\Watcher.csproj", "{49D9729F-783B-4CEF-BB46-E53912E305CC}"
EndProject
Global
	GlobalSection(SolutionConfigurationPlatforms) = preSolution
		Debug|Any CPU = Debug|Any CPU
		Release|Any CPU = Release|Any CPU
	EndGlobalSection
	GlobalSection(ProjectConfigurationPlatforms) = postSolution
		{49D9729F-783B-4CEF-BB46-E53912E305CC}.Debug|Any CPU.ActiveCfg = Debug|Any CPU
		{49D9729F-783B-4CEF-BB46-E53912E305CC}.Debug|Any CPU.Build.0 = Debug|Any CPU
		{49D9729F-783B-4CEF-BB46-E53912E305CC}.Release|Any CPU.ActiveCfg = Release|Any CPU
		{49D9729F-783B-4CEF-BB46-E53912E305CC}.Release|Any CPU.Build.0 = Release|Any CPU
	EndGlobalSection
	GlobalSection(SolutionProperties) = preSolution
		HideSolutionNode = FALSE
	EndGlobalSection
	GlobalSection(ExtensibilityGlobals) = postSolution
		SolutionGuid = {7C6F1DEB-823C-4941-80D6-9C66D35A09AD}
	EndGlobalSection
EndGlobal
